PODS:
  - AFNetworking (2.6.3):
    - AFNetworking/NSURLConnection (= 2.6.3)
    - AFNetworking/NSURLSession (= 2.6.3)
    - AFNetworking/Reachability (= 2.6.3)
    - AFNetworking/Security (= 2.6.3)
    - AFNetworking/Serialization (= 2.6.3)
    - AFNetworking/UIKit (= 2.6.3)
  - AFNetworking/NSURLConnection (2.6.3):
    - AFNetworking/Reachability
    - AFNetworking/Security
    - AFNetworking/Serialization
  - AFNetworking/NSURLSession (2.6.3):
    - AFNetworking/Reachability
    - AFNetworking/Security
    - AFNetworking/Serialization
  - AFNetworking/Reachability (2.6.3)
  - AFNetworking/Security (2.6.3)
  - AFNetworking/Serialization (2.6.3)
  - AFNetworking/UIKit (2.6.3):
    - AFNetworking/NSURLConnection
    - AFNetworking/NSURLSession
  - DOUAudioStreamer (0.2.11)
  - GVUserDefaults (1.0.1)
  - Mantle (1.5.5):
    - Mantle/extobjc (= 1.5.5)
  - Mantle/extobjc (1.5.5)
  - MBProgressHUD (0.9.1)
  - SDWebImage (3.7.3):
    - SDWebImage/Core (= 3.7.3)
  - SDWebImage/Core (3.7.3)

DEPENDENCIES:
  - AFNetworking (~> 2.0)
  - DOUAudioStreamer (= 0.2.11)
  - GVUserDefaults
  - Mantle (= 1.5.5)
  - MBProgressHUD
  - SDWebImage

SPEC CHECKSUMS:
  AFNetworking: cb8d14a848e831097108418f5d49217339d4eb60
  DOUAudioStreamer: 8aefc3e80eb6c01ec89fa3c30743c660e8c55bae
  GVUserDefaults: acb40729f70984008d0650e49d7e422f1bbfa597
  Mantle: 1b29072a707453975b200a173cf77ec1e2810b75
  MBProgressHUD: c47f2c166c126cf2ce36498d80f33e754d4e93ad
  SDWebImage: 1d2b1a1efda1ade1b00b6f8498865f8ddedc8a84

COCOAPODS: 0.39.0
